
Microsoft Visual Studio Solution File, Format Version 12.00
# Visual Studio Version 17
VisualStudioVersion = 17.11.35327.3
MinimumVisualStudioVersion = 10.0.40219.1
Project("{FAE04EC0-301F-11D3-BF4B-00C04F79EFBC}") = "HospitalClient", "HospitalClient\HospitalClient.csproj", "{35AC5ADF-BF02-45DE-9B40-65B57493AB24}"
EndProject
Global
	GlobalSection(SolutionConfigurationPlatforms) = preSolution
		Debug|Any CPU = Debug|Any CPU
		Release|Any CPU = Release|Any CPU
	EndGlobalSection
	GlobalSection(ProjectConfigurationPlatforms) = postSolution
		{35AC5ADF-BF02-45DE-9B40-65B57493AB24}.Debug|Any CPU.ActiveCfg = Debug|Any CPU
		{35AC5ADF-BF02-45DE-9B40-65B57493AB24}.Debug|Any CPU.Build.0 = Debug|Any CPU
		{35AC5ADF-BF02-45DE-9B40-65B57493AB24}.Release|Any CPU.ActiveCfg = Release|Any CPU
		{35AC5ADF-BF02-45DE-9B40-65B57493AB24}.Release|Any CPU.Build.0 = Release|Any CPU
	EndGlobalSection
	GlobalSection(SolutionProperties) = preSolution
		HideSolutionNode = FALSE
	EndGlobalSection
	GlobalSection(ExtensibilityGlobals) = postSolution
		SolutionGuid = {32102A52-6E2B-4D99-80DA-038261956FA2}
	EndGlobalSection
EndGlobal
